
Microsoft Visual Studio Solution File, Format Version 12.00
# Visual Studio Version 17
VisualStudioVersion = 17.11.35222.181
MinimumVisualStudioVersion = 10.0.40219.1
Project("{9A19103F-16F7-4668-BE54-9A1E7A4F7556}") = "MALO.Microservice.Empleos.API", "MALO.Microservice.Empleos.API\MALO.Microservice.Empleos.API.csproj", "{30CB8D5B-E25B-4D81-B483-82D54DD42CC7}"
EndProject
Project("{9A19103F-16F7-4668-BE54-9A1E7A4F7556}") = "MALO.Microservice.Empleos.Aplication", "MALO.Microservice.Empleo.Aplication\MALO.Microservice.Empleos.Aplication.csproj", "{37C1DFC4-E8A8-4A21-AF3B-20E17D3BCA56}"
EndProject
Project("{9A19103F-16F7-4668-BE54-9A1E7A4F7556}") = "MALO.Microservice.Empleos.Domain", "MALO.Microservice.Empleos.Domain\MALO.Microservice.Empleos.Domain.csproj", "{20B71477-94CF-4A21-A5A9-2B319C922C42}"
EndProject
Project("{9A19103F-16F7-4668-BE54-9A1E7A4F7556}") = "MALO.Microservice.Empleos.Infraestructure", "MALO.Microservice.Empleos.Infraestructure\MALO.Microservice.Empleos.Infraestructure.csproj", "{C136ED01-B50B-4636-9ECD-0C41EDE74B62}"
EndProject
Project("{9A19103F-16F7-4668-BE54-9A1E7A4F7556}") = "MALO.Microservice.Empleosdb.API", "MALO.Microservice.Empleosdb.API\MALO.Microservice.Empleosdb.API.csproj", "{1973C091-E6F9-4754-8F20-A004A74C4107}"
EndProject
Project("{FAE04EC0-301F-11D3-BF4B-00C04F79EFBC}") = "MALO.Microservice.Empleosdb.Aplication", "MALO.Microservice.Empleosdb.Aplication\MALO.Microservice.Empleosdb.Aplication.csproj", "{BCBB38D0-DE79-461B-9E87-A843C79EF911}"
EndProject
Project("{FAE04EC0-301F-11D3-BF4B-00C04F79EFBC}") = "MALO.Microservice.Empleosdb.Domain", "MALO.Microservice.Empleosdb.Domain\MALO.Microservice.Empleosdb.Domain.csproj", "{AEC973C2-F268-4AB0-9D02-6C1030686563}"
EndProject
Project("{FAE04EC0-301F-11D3-BF4B-00C04F79EFBC}") = "MALO.Microservice.Empleosdb.Infraestructure", "MALO.Microservice.Empleosdb.Infraestructure\MALO.Microservice.Empleosdb.Infraestructure.csproj", "{8F160155-9E2D-4BCD-AA5B-BBE5CD0754DE}"
EndProject
Global
	GlobalSection(SolutionConfigurationPlatforms) = preSolution
		Debug|Any CPU = Debug|Any CPU
		Release|Any CPU = Release|Any CPU
	EndGlobalSection
	GlobalSection(ProjectConfigurationPlatforms) = postSolution
		{30CB8D5B-E25B-4D81-B483-82D54DD42CC7}.Debug|Any CPU.ActiveCfg = Debug|Any CPU
		{30CB8D5B-E25B-4D81-B483-82D54DD42CC7}.Debug|Any CPU.Build.0 = Debug|Any CPU
		{30CB8D5B-E25B-4D81-B483-82D54DD42CC7}.Release|Any CPU.ActiveCfg = Release|Any CPU
		{30CB8D5B-E25B-4D81-B483-82D54DD42CC7}.Release|Any CPU.Build.0 = Release|Any CPU
		{37C1DFC4-E8A8-4A21-AF3B-20E17D3BCA56}.Debug|Any CPU.ActiveCfg = Debug|Any CPU
		{37C1DFC4-E8A8-4A21-AF3B-20E17D3BCA56}.Debug|Any CPU.Build.0 = Debug|Any CPU
		{37C1DFC4-E8A8-4A21-AF3B-20E17D3BCA56}.Release|Any CPU.ActiveCfg = Release|Any CPU
		{37C1DFC4-E8A8-4A21-AF3B-20E17D3BCA56}.Release|Any CPU.Build.0 = Release|Any CPU
		{20B71477-94CF-4A21-A5A9-2B319C922C42}.Debug|Any CPU.ActiveCfg = Debug|Any CPU
		{20B71477-94CF-4A21-A5A9-2B319C922C42}.Debug|Any CPU.Build.0 = Debug|Any CPU
		{20B71477-94CF-4A21-A5A9-2B319C922C42}.Release|Any CPU.ActiveCfg = Release|Any CPU
		{20B71477-94CF-4A21-A5A9-2B319C922C42}.Release|Any CPU.Build.0 = Release|Any CPU
		{C136ED01-B50B-4636-9ECD-0C41EDE74B62}.Debug|Any CPU.ActiveCfg = Debug|Any CPU
		{C136ED01-B50B-4636-9ECD-0C41EDE74B62}.Debug|Any CPU.Build.0 = Debug|Any CPU
		{C136ED01-B50B-4636-9ECD-0C41EDE74B62}.Release|Any CPU.ActiveCfg = Release|Any CPU
		{C136ED01-B50B-4636-9ECD-0C41EDE74B62}.Release|Any CPU.Build.0 = Release|Any CPU
		{1973C091-E6F9-4754-8F20-A004A74C4107}.Debug|Any CPU.ActiveCfg = Debug|Any CPU
		{1973C091-E6F9-4754-8F20-A004A74C4107}.Debug|Any CPU.Build.0 = Debug|Any CPU
		{1973C091-E6F9-4754-8F20-A004A74C4107}.Release|Any CPU.ActiveCfg = Release|Any CPU
		{1973C091-E6F9-4754-8F20-A004A74C4107}.Release|Any CPU.Build.0 = Release|Any CPU
		{BCBB38D0-DE79-461B-9E87-A843C79EF911}.Debug|Any CPU.ActiveCfg = Debug|Any CPU
		{BCBB38D0-DE79-461B-9E87-A843C79EF911}.Debug|Any CPU.Build.0 = Debug|Any CPU
		{BCBB38D0-DE79-461B-9E87-A843C79EF911}.Release|Any CPU.ActiveCfg = Release|Any CPU
		{BCBB38D0-DE79-461B-9E87-A843C79EF911}.Release|Any CPU.Build.0 = Release|Any CPU
		{AEC973C2-F268-4AB0-9D02-6C1030686563}.Debug|Any CPU.ActiveCfg = Debug|Any CPU
		{AEC973C2-F268-4AB0-9D02-6C1030686563}.Debug|Any CPU.Build.0 = Debug|Any CPU
		{AEC973C2-F268-4AB0-9D02-6C1030686563}.Release|Any CPU.ActiveCfg = Release|Any CPU
		{AEC973C2-F268-4AB0-9D02-6C1030686563}.Release|Any CPU.Build.0 = Release|Any CPU
		{8F160155-9E2D-4BCD-AA5B-BBE5CD0754DE}.Debug|Any CPU.ActiveCfg = Debug|Any CPU
		{8F160155-9E2D-4BCD-AA5B-BBE5CD0754DE}.Debug|Any CPU.Build.0 = Debug|Any CPU
		{8F160155-9E2D-4BCD-AA5B-BBE5CD0754DE}.Release|Any CPU.ActiveCfg = Release|Any CPU
		{8F160155-9E2D-4BCD-AA5B-BBE5CD0754DE}.Release|Any CPU.Build.0 = Release|Any CPU
	EndGlobalSection
	GlobalSection(SolutionProperties) = preSolution
		HideSolutionNode = FALSE
	EndGlobalSection
	GlobalSection(ExtensibilityGlobals) = postSolution
		SolutionGuid = {2DA2E52D-B666-4210-9655-B2AC3A8DA3FF}
	EndGlobalSection
EndGlobal
