
Microsoft Visual Studio Solution File, Format Version 12.00
# Visual Studio Version 17
VisualStudioVersion = 17.11.35222.181
MinimumVisualStudioVersion = 10.0.40219.1
Project("{FAE04EC0-301F-11D3-BF4B-00C04F79EFBC}") = "MALO.Manos_a_la_obra.API", "MALO.Manos_a_la_obra.API\MALO.Manos_a_la_obra.API.csproj", "{76443098-665E-4952-A12A-9DE62A4BD5AB}"
EndProject
Global
	GlobalSection(SolutionConfigurationPlatforms) = preSolution
		Debug|Any CPU = Debug|Any CPU
		Release|Any CPU = Release|Any CPU
	EndGlobalSection
	GlobalSection(ProjectConfigurationPlatforms) = postSolution
		{76443098-665E-4952-A12A-9DE62A4BD5AB}.Debug|Any CPU.ActiveCfg = Debug|Any CPU
		{76443098-665E-4952-A12A-9DE62A4BD5AB}.Debug|Any CPU.Build.0 = Debug|Any CPU
		{76443098-665E-4952-A12A-9DE62A4BD5AB}.Release|Any CPU.ActiveCfg = Release|Any CPU
		{76443098-665E-4952-A12A-9DE62A4BD5AB}.Release|Any CPU.Build.0 = Release|Any CPU
	EndGlobalSection
	GlobalSection(SolutionProperties) = preSolution
		HideSolutionNode = FALSE
	EndGlobalSection
	GlobalSection(ExtensibilityGlobals) = postSolution
		SolutionGuid = {D9BC1694-7F02-4303-B4B8-2364E9C8F420}
	EndGlobalSection
EndGlobal
